
Microsoft Visual Studio Solution File, Format Version 12.00
# Visual Studio Version 16
VisualStudioVersion = 16.0.31005.135
MinimumVisualStudioVersion = 10.0.40219.1
Project("{FAE04EC0-301F-11D3-BF4B-00C04F79EFBC}") = "414AuthenticationAppFinal", "414AuthenticationAppFinal.csproj", "{72AE4145-3D85-4663-9E98-89F4CD0CB96A}"
EndProject
Global
	GlobalSection(SolutionConfigurationPlatforms) = preSolution
		Debug|Any CPU = Debug|Any CPU
		Release|Any CPU = Release|Any CPU
	EndGlobalSection
	GlobalSection(ProjectConfigurationPlatforms) = postSolution
		{72AE4145-3D85-4663-9E98-89F4CD0CB96A}.Debug|Any CPU.ActiveCfg = Debug|Any CPU
		{72AE4145-3D85-4663-9E98-89F4CD0CB96A}.Debug|Any CPU.Build.0 = Debug|Any CPU
		{72AE4145-3D85-4663-9E98-89F4CD0CB96A}.Release|Any CPU.ActiveCfg = Release|Any CPU
		{72AE4145-3D85-4663-9E98-89F4CD0CB96A}.Release|Any CPU.Build.0 = Release|Any CPU
	EndGlobalSection
	GlobalSection(SolutionProperties) = preSolution
		HideSolutionNode = FALSE
	EndGlobalSection
	GlobalSection(ExtensibilityGlobals) = postSolution
		SolutionGuid = {681A3921-9536-48F8-8305-681F4D2698B1}
	EndGlobalSection
EndGlobal
